
Microsoft Visual Studio Solution File, Format Version 12.00
# Visual Studio Version 17
VisualStudioVersion = 17.7.34202.233
MinimumVisualStudioVersion = 10.0.40219.1
Project("{9A19103F-16F7-4668-BE54-9A1E7A4F7556}") = "DataAccess", "DataAccess\DataAccess.csproj", "{60C98DCD-CFD0-4B3D-AECD-86758363CA27}"
EndProject
Project("{9A19103F-16F7-4668-BE54-9A1E7A4F7556}") = "Business", "Business\Business.csproj", "{77C7A769-7E42-48D2-8FCC-071EF726B16E}"
EndProject
Project("{9A19103F-16F7-4668-BE54-9A1E7A4F7556}") = "Entities", "Entities\Entities.csproj", "{153101DA-E765-4D90-B205-5D0F96936BCE}"
EndProject
Project("{9A19103F-16F7-4668-BE54-9A1E7A4F7556}") = "Core", "Core\Core.csproj", "{9255985F-D96F-44E3-AD83-587FC6AFBCAC}"
EndProject
Project("{9A19103F-16F7-4668-BE54-9A1E7A4F7556}") = "WebAPI", "WebAPI1\WebAPI.csproj", "{1853E18C-1B51-4D71-BD3D-2435554B8CD8}"
EndProject
Global
	GlobalSection(SolutionConfigurationPlatforms) = preSolution
		Debug|Any CPU = Debug|Any CPU
		Release|Any CPU = Release|Any CPU
	EndGlobalSection
	GlobalSection(ProjectConfigurationPlatforms) = postSolution
		{60C98DCD-CFD0-4B3D-AECD-86758363CA27}.Debug|Any CPU.ActiveCfg = Debug|Any CPU
		{60C98DCD-CFD0-4B3D-AECD-86758363CA27}.Debug|Any CPU.Build.0 = Debug|Any CPU
		{60C98DCD-CFD0-4B3D-AECD-86758363CA27}.Release|Any CPU.ActiveCfg = Release|Any CPU
		{60C98DCD-CFD0-4B3D-AECD-86758363CA27}.Release|Any CPU.Build.0 = Release|Any CPU
		{77C7A769-7E42-48D2-8FCC-071EF726B16E}.Debug|Any CPU.ActiveCfg = Debug|Any CPU
		{77C7A769-7E42-48D2-8FCC-071EF726B16E}.Debug|Any CPU.Build.0 = Debug|Any CPU
		{77C7A769-7E42-48D2-8FCC-071EF726B16E}.Release|Any CPU.ActiveCfg = Release|Any CPU
		{77C7A769-7E42-48D2-8FCC-071EF726B16E}.Release|Any CPU.Build.0 = Release|Any CPU
		{153101DA-E765-4D90-B205-5D0F96936BCE}.Debug|Any CPU.ActiveCfg = Debug|Any CPU
		{153101DA-E765-4D90-B205-5D0F96936BCE}.Debug|Any CPU.Build.0 = Debug|Any CPU
		{153101DA-E765-4D90-B205-5D0F96936BCE}.Release|Any CPU.ActiveCfg = Release|Any CPU
		{153101DA-E765-4D90-B205-5D0F96936BCE}.Release|Any CPU.Build.0 = Release|Any CPU
		{9255985F-D96F-44E3-AD83-587FC6AFBCAC}.Debug|Any CPU.ActiveCfg = Debug|Any CPU
		{9255985F-D96F-44E3-AD83-587FC6AFBCAC}.Debug|Any CPU.Build.0 = Debug|Any CPU
		{9255985F-D96F-44E3-AD83-587FC6AFBCAC}.Release|Any CPU.ActiveCfg = Release|Any CPU
		{9255985F-D96F-44E3-AD83-587FC6AFBCAC}.Release|Any CPU.Build.0 = Release|Any CPU
		{1853E18C-1B51-4D71-BD3D-2435554B8CD8}.Debug|Any CPU.ActiveCfg = Debug|Any CPU
		{1853E18C-1B51-4D71-BD3D-2435554B8CD8}.Debug|Any CPU.Build.0 = Debug|Any CPU
		{1853E18C-1B51-4D71-BD3D-2435554B8CD8}.Release|Any CPU.ActiveCfg = Release|Any CPU
		{1853E18C-1B51-4D71-BD3D-2435554B8CD8}.Release|Any CPU.Build.0 = Release|Any CPU
	EndGlobalSection
	GlobalSection(SolutionProperties) = preSolution
		HideSolutionNode = FALSE
	EndGlobalSection
	GlobalSection(ExtensibilityGlobals) = postSolution
		SolutionGuid = {D83FA8F7-D040-46CA-954B-5F69AB542BF3}
	EndGlobalSection
EndGlobal
